
Microsoft Visual Studio Solution File, Format Version 12.00
# Visual Studio Version 17
VisualStudioVersion = 17.0.32126.317
MinimumVisualStudioVersion = 10.0.40219.1
Project("{9A19103F-16F7-4668-BE54-9A1E7A4F7556}") = "MarsRover", "MarsRover\MarsRover.csproj", "{F672CE6B-3A45-4708-AACE-B390137DC70B}"
EndProject
Project("{9A19103F-16F7-4668-BE54-9A1E7A4F7556}") = "MarsRoverTests", "MarsRoverTests\MarsRoverTests.csproj", "{1B22D4D9-8618-4505-87FF-5CF0A04284BE}"
EndProject
Global
	GlobalSection(SolutionConfigurationPlatforms) = preSolution
		Debug|Any CPU = Debug|Any CPU
		Release|Any CPU = Release|Any CPU
	EndGlobalSection
	GlobalSection(ProjectConfigurationPlatforms) = postSolution
		{F672CE6B-3A45-4708-AACE-B390137DC70B}.Debug|Any CPU.ActiveCfg = Debug|Any CPU
		{F672CE6B-3A45-4708-AACE-B390137DC70B}.Debug|Any CPU.Build.0 = Debug|Any CPU
		{F672CE6B-3A45-4708-AACE-B390137DC70B}.Release|Any CPU.ActiveCfg = Release|Any CPU
		{F672CE6B-3A45-4708-AACE-B390137DC70B}.Release|Any CPU.Build.0 = Release|Any CPU
		{1B22D4D9-8618-4505-87FF-5CF0A04284BE}.Debug|Any CPU.ActiveCfg = Debug|Any CPU
		{1B22D4D9-8618-4505-87FF-5CF0A04284BE}.Debug|Any CPU.Build.0 = Debug|Any CPU
		{1B22D4D9-8618-4505-87FF-5CF0A04284BE}.Release|Any CPU.ActiveCfg = Release|Any CPU
		{1B22D4D9-8618-4505-87FF-5CF0A04284BE}.Release|Any CPU.Build.0 = Release|Any CPU
	EndGlobalSection
	GlobalSection(SolutionProperties) = preSolution
		HideSolutionNode = FALSE
	EndGlobalSection
	GlobalSection(ExtensibilityGlobals) = postSolution
		SolutionGuid = {74B917BF-85F0-41B7-974F-5C246DBC2EC3}
	EndGlobalSection
EndGlobal
